
Microsoft Visual Studio Solution File, Format Version 12.00
# Visual Studio Version 16
VisualStudioVersion = 16.0.30413.136
MinimumVisualStudioVersion = 10.0.40219.1
Project("{9A19103F-16F7-4668-BE54-9A1E7A4F7556}") = "Sketch.Shared", "src\Sketch.Shared\Sketch.Shared.csproj", "{0ECFD452-E4E6-46C1-A13C-6CE718FBD5D4}"
EndProject
Project("{9A19103F-16F7-4668-BE54-9A1E7A4F7556}") = "Sketch.WebApp", "src\Sketch.WebApp\Sketch.WebApp.csproj", "{0914335E-4AF8-43FF-A6A1-D534961136C9}"
EndProject
Project("{9A19103F-16F7-4668-BE54-9A1E7A4F7556}") = "Sketch.WebServer", "src\Sketch.WebServer\Sketch.WebServer.csproj", "{B3F8602E-1BFF-44AD-9E9A-BE5CDC0C970F}"
EndProject
Global
	GlobalSection(SolutionConfigurationPlatforms) = preSolution
		Debug|Any CPU = Debug|Any CPU
		Release|Any CPU = Release|Any CPU
	EndGlobalSection
	GlobalSection(ProjectConfigurationPlatforms) = postSolution
		{0ECFD452-E4E6-46C1-A13C-6CE718FBD5D4}.Debug|Any CPU.ActiveCfg = Debug|Any CPU
		{0ECFD452-E4E6-46C1-A13C-6CE718FBD5D4}.Debug|Any CPU.Build.0 = Debug|Any CPU
		{0ECFD452-E4E6-46C1-A13C-6CE718FBD5D4}.Release|Any CPU.ActiveCfg = Release|Any CPU
		{0ECFD452-E4E6-46C1-A13C-6CE718FBD5D4}.Release|Any CPU.Build.0 = Release|Any CPU
		{0914335E-4AF8-43FF-A6A1-D534961136C9}.Debug|Any CPU.ActiveCfg = Debug|Any CPU
		{0914335E-4AF8-43FF-A6A1-D534961136C9}.Debug|Any CPU.Build.0 = Debug|Any CPU
		{0914335E-4AF8-43FF-A6A1-D534961136C9}.Release|Any CPU.ActiveCfg = Release|Any CPU
		{0914335E-4AF8-43FF-A6A1-D534961136C9}.Release|Any CPU.Build.0 = Release|Any CPU
		{B3F8602E-1BFF-44AD-9E9A-BE5CDC0C970F}.Debug|Any CPU.ActiveCfg = Debug|Any CPU
		{B3F8602E-1BFF-44AD-9E9A-BE5CDC0C970F}.Debug|Any CPU.Build.0 = Debug|Any CPU
		{B3F8602E-1BFF-44AD-9E9A-BE5CDC0C970F}.Release|Any CPU.ActiveCfg = Release|Any CPU
		{B3F8602E-1BFF-44AD-9E9A-BE5CDC0C970F}.Release|Any CPU.Build.0 = Release|Any CPU
	EndGlobalSection
	GlobalSection(SolutionProperties) = preSolution
		HideSolutionNode = FALSE
	EndGlobalSection
	GlobalSection(ExtensibilityGlobals) = postSolution
		SolutionGuid = {46732091-70B8-40E5-B837-C23AC5F808FE}
	EndGlobalSection
EndGlobal
